// !$*UTF8*$!
{
	archiveVersion = 1;
	classes = {
	};
	objectVersion = 56;
	objects = {

/* Begin PBXBuildFile section */
		82CF1B252C32FE460061A835 /* enigmafyApp.swift in Sources */ = {isa = PBXBuildFile; fileRef = 82CF1B242C32FE460061A835 /* enigmafyApp.swift */; };
		82CF1B272C32FE460061A835 /* ContentView.swift in Sources */ = {isa = PBXBuildFile; fileRef = 82CF1B262C32FE460061A835 /* ContentView.swift */; };
		82CF1B292C32FE470061A835 /* Assets.xcassets in Resources */ = {isa = PBXBuildFile; fileRef = 82CF1B282C32FE470061A835 /* Assets.xcassets */; };
		82CF1B2C2C32FE470061A835 /* Preview Assets.xcassets in Resources */ = {isa = PBXBuildFile; fileRef = 82CF1B2B2C32FE470061A835 /* Preview Assets.xcassets */; };
		82CF1B362C32FE470061A835 /* enigmafyTests.swift in Sources */ = {isa = PBXBuildFile; fileRef = 82CF1B352C32FE470061A835 /* enigmafyTests.swift */; };
		82CF1B402C32FE470061A835 /* enigmafyUITests.swift in Sources */ = {isa = PBXBuildFile; fileRef = 82CF1B3F2C32FE470061A835 /* enigmafyUITests.swift */; };
		82CF1B422C32FE470061A835 /* enigmafyUITestsLaunchTests.swift in Sources */ = {isa = PBXBuildFile; fileRef = 82CF1B412C32FE470061A835 /* enigmafyUITestsLaunchTests.swift */; };
/* End PBXBuildFile section */

/* Begin PBXContainerItemProxy section */
		82CF1B322C32FE470061A835 /* PBXContainerItemProxy */ = {
			isa = PBXContainerItemProxy;
			containerPortal = 82CF1B192C32FE460061A835 /* Project object */;
			proxyType = 1;
			remoteGlobalIDString = 82CF1B202C32FE460061A835;
			remoteInfo = enigmafy;
		};
		82CF1B3C2C32FE470061A835 /* PBXContainerItemProxy */ = {
			isa = PBXContainerItemProxy;
			containerPortal = 82CF1B192C32FE460061A835 /* Project object */;
			proxyType = 1;
			remoteGlobalIDString = 82CF1B202C32FE460061A835;
			remoteInfo = enigmafy;
		};
/* End PBXContainerItemProxy section */

/* Begin PBXFileReference section */
		82CF1B212C32FE460061A835 /* enigmafy.app */ = {isa = PBXFileReference; explicitFileType = wrapper.application; includeInIndex = 0; path = enigmafy.app; sourceTree = BUILT_PRODUCTS_DIR; };
		82CF1B242C32FE460061A835 /* enigmafyApp.swift */ = {isa = PBXFileReference; lastKnownFileType = sourcecode.swift; path = enigmafyApp.swift; sourceTree = "<group>"; };
		82CF1B262C32FE460061A835 /* ContentView.swift */ = {isa = PBXFileReference; lastKnownFileType = sourcecode.swift; path = ContentView.swift; sourceTree = "<group>"; };
		82CF1B282C32FE470061A835 /* Assets.xcassets */ = {isa = PBXFileReference; lastKnownFileType = folder.assetcatalog; path = Assets.xcassets; sourceTree = "<group>"; };
		82CF1B2B2C32FE470061A835 /* Preview Assets.xcassets */ = {isa = PBXFileReference; lastKnownFileType = folder.assetcatalog; path = "Preview Assets.xcassets"; sourceTree = "<group>"; };
		82CF1B312C32FE470061A835 /* enigmafyTests.xctest */ = {isa = PBXFileReference; explicitFileType = wrapper.cfbundle; includeInIndex = 0; path = enigmafyTests.xctest; sourceTree = BUILT_PRODUCTS_DIR; };
		82CF1B352C32FE470061A835 /* enigmafyTests.swift */ = {isa = PBXFileReference; lastKnownFileType = sourcecode.swift; path = enigmafyTests.swift; sourceTree = "<group>"; };
		82CF1B3B2C32FE470061A835 /* enigmafyUITests.xctest */ = {isa = PBXFileReference; explicitFileType = wrapper.cfbundle; includeInIndex = 0; path = enigmafyUITests.xctest; sourceTree = BUILT_PRODUCTS_DIR; };
		82CF1B3F2C32FE470061A835 /* enigmafyUITests.swift */ = {isa = PBXFileReference; lastKnownFileType = sourcecode.swift; path = enigmafyUITests.swift; sourceTree = "<group>"; };
		82CF1B412C32FE470061A835 /* enigmafyUITestsLaunchTests.swift */ = {isa = PBXFileReference; lastKnownFileType = sourcecode.swift; path = enigmafyUITestsLaunchTests.swift; sourceTree = "<group>"; };
/* End PBXFileReference section */

/* Begin PBXFrameworksBuildPhase section */
		82CF1B1E2C32FE460061A835 /* Frameworks */ = {
			isa = PBXFrameworksBuildPhase;
			buildActionMask = 2147483647;
			files = (
			);
			runOnlyForDeploymentPostprocessing = 0;
		};
		82CF1B2E2C32FE470061A835 /* Frameworks */ = {
			isa = PBXFrameworksBuildPhase;
			buildActionMask = 2147483647;
			files = (
			);
			runOnlyForDeploymentPostprocessing = 0;
		};
		82CF1B382C32FE470061A835 /* Frameworks */ = {
			isa = PBXFrameworksBuildPhase;
			buildActionMask = 2147483647;
			files = (
			);
			runOnlyForDeploymentPostprocessing = 0;
		};
/* End PBXFrameworksBuildPhase section */

/* Begin PBXGroup section */
		82CF1B182C32FE460061A835 = {
			isa = PBXGroup;
			children = (
				82CF1B232C32FE460061A835 /* enigmafy */,
				82CF1B342C32FE470061A835 /* enigmafyTests */,
				82CF1B3E2C32FE470061A835 /* enigmafyUITests */,
				82CF1B222C32FE460061A835 /* Products */,
			);
			sourceTree = "<group>";
		};
		82CF1B222C32FE460061A835 /* Products */ = {
			isa = PBXGroup;
			children = (
				82CF1B212C32FE460061A835 /* enigmafy.app */,
				82CF1B312C32FE470061A835 /* enigmafyTests.xctest */,
				82CF1B3B2C32FE470061A835 /* enigmafyUITests.xctest */,
			);
			name = Products;
			sourceTree = "<group>";
		};
		82CF1B232C32FE460061A835 /* enigmafy */ = {
			isa = PBXGroup;
			children = (
				82CF1B242C32FE460061A835 /* enigmafyApp.swift */,
				82CF1B262C32FE460061A835 /* ContentView.swift */,
				82CF1B282C32FE470061A835 /* Assets.xcassets */,
				82CF1B2A2C32FE470061A835 /* Preview Content */,
			);
			path = enigmafy;
			sourceTree = "<group>";
		};
		82CF1B2A2C32FE470061A835 /* Preview Content */ = {
			isa = PBXGroup;
			children = (
				82CF1B2B2C32FE470061A835 /* Preview Assets.xcassets */,
			);
			path = "Preview Content";
			sourceTree = "<group>";
		};
		82CF1B342C32FE470061A835 /* enigmafyTests */ = {
			isa = PBXGroup;
			children = (
				82CF1B352C32FE470061A835 /* enigmafyTests.swift */,
			);
			path = enigmafyTests;
			sourceTree = "<group>";
		};
		82CF1B3E2C32FE470061A835 /* enigmafyUITests */ = {
			isa = PBXGroup;
			children = (
				82CF1B3F2C32FE470061A835 /* enigmafyUITests.swift */,
				82CF1B412C32FE470061A835 /* enigmafyUITestsLaunchTests.swift */,
			);
			path = enigmafyUITests;
			sourceTree = "<group>";
		};
/* End PBXGroup section */

/* Begin PBXNativeTarget section */
		82CF1B202C32FE460061A835 /* enigmafy */ = {
			isa = PBXNativeTarget;
			buildConfigurationList = 82CF1B452C32FE470061A835 /* Build configuration list for PBXNativeTarget "enigmafy" */;
			buildPhases = (
				82CF1B1D2C32FE460061A835 /* Sources */,
				82CF1B1E2C32FE460061A835 /* Frameworks */,
				82CF1B1F2C32FE460061A835 /* Resources */,
			);
			buildRules = (
			);
			dependencies = (
			);
			name = enigmafy;
			productName = enigmafy;
			productReference = 82CF1B212C32FE460061A835 /* enigmafy.app */;
			productType = "com.apple.product-type.application";
		};
		82CF1B302C32FE470061A835 /* enigmafyTests */ = {
			isa = PBXNativeTarget;
			buildConfigurationList = 82CF1B482C32FE470061A835 /* Build configuration list for PBXNativeTarget "enigmafyTests" */;
			buildPhases = (
				82CF1B2D2C32FE470061A835 /* Sources */,
				82CF1B2E2C32FE470061A835 /* Frameworks */,
				82CF1B2F2C32FE470061A835 /* Resources */,
			);
			buildRules = (
			);
			dependencies = (
				82CF1B332C32FE470061A835 /* PBXTargetDependency */,
			);
			name = enigmafyTests;
			productName = enigmafyTests;
			productReference = 82CF1B312C32FE470061A835 /* enigmafyTests.xctest */;
			productType = "com.apple.product-type.bundle.unit-test";
		};
		82CF1B3A2C32FE470061A835 /* enigmafyUITests */ = {
			isa = PBXNativeTarget;
			buildConfigurationList = 82CF1B4B2C32FE470061A835 /* Build configuration list for PBXNativeTarget "enigmafyUITests" */;
			buildPhases = (
				82CF1B372C32FE470061A835 /* Sources */,
				82CF1B382C32FE470061A835 /* Frameworks */,
				82CF1B392C32FE470061A835 /* Resources */,
			);
			buildRules = (
			);
			dependencies = (
				82CF1B3D2C32FE470061A835 /* PBXTargetDependency */,
			);
			name = enigmafyUITests;
			productName = enigmafyUITests;
			productReference = 82CF1B3B2C32FE470061A835 /* enigmafyUITests.xctest */;
			productType = "com.apple.product-type.bundle.ui-testing";
		};
/* End PBXNativeTarget section */

/* Begin PBXProject section */
		82CF1B192C32FE460061A835 /* Project object */ = {
			isa = PBXProject;
			attributes = {
				BuildIndependentTargetsInParallel = 1;
				LastSwiftUpdateCheck = 1530;
				LastUpgradeCheck = 1530;
				TargetAttributes = {
					82CF1B202C32FE460061A835 = {
						CreatedOnToolsVersion = 15.3;
					};
					82CF1B302C32FE470061A835 = {
						CreatedOnToolsVersion = 15.3;
						TestTargetID = 82CF1B202C32FE460061A835;
					};
					82CF1B3A2C32FE470061A835 = {
						CreatedOnToolsVersion = 15.3;
						TestTargetID = 82CF1B202C32FE460061A835;
					};
				};
			};
			buildConfigurationList = 82CF1B1C2C32FE460061A835 /* Build configuration list for PBXProject "enigmafy" */;
			compatibilityVersion = "Xcode 14.0";
			developmentRegion = en;
			hasScannedForEncodings = 0;
			knownRegions = (
				en,
				Base,
			);
			mainGroup = 82CF1B182C32FE460061A835;
			productRefGroup = 82CF1B222C32FE460061A835 /* Products */;
			projectDirPath = "";
			projectRoot = "";
			targets = (
				82CF1B202C32FE460061A835 /* enigmafy */,
				82CF1B302C32FE470061A835 /* enigmafyTests */,
				82CF1B3A2C32FE470061A835 /* enigmafyUITests */,
			);
		};
/* End PBXProject section */

/* Begin PBXResourcesBuildPhase section */
		82CF1B1F2C32FE460061A835 /* Resources */ = {
			isa = PBXResourcesBuildPhase;
			buildActionMask = 2147483647;
			files = (
				82CF1B2C2C32FE470061A835 /* Preview Assets.xcassets in Resources */,
				82CF1B292C32FE470061A835 /* Assets.xcassets in Resources */,
			);
			runOnlyForDeploymentPostprocessing = 0;
		};
		82CF1B2F2C32FE470061A835 /* Resources */ = {
			isa = PBXResourcesBuildPhase;
			buildActionMask = 2147483647;
			files = (
			);
			runOnlyForDeploymentPostprocessing = 0;
		};
		82CF1B392C32FE470061A835 /* Resources */ = {
			isa = PBXResourcesBuildPhase;
			buildActionMask = 2147483647;
			files = (
			);
			runOnlyForDeploymentPostprocessing = 0;
		};
/* End PBXResourcesBuildPhase section */

/* Begin PBXSourcesBuildPhase section */
		82CF1B1D2C32FE460061A835 /* Sources */ = {
			isa = PBXSourcesBuildPhase;
			buildActionMask = 2147483647;
			files = (
				82CF1B272C32FE460061A835 /* ContentView.swift in Sources */,
				82CF1B252C32FE460061A835 /* enigmafyApp.swift in Sources */,
			);
			runOnlyForDeploymentPostprocessing = 0;
		};
		82CF1B2D2C32FE470061A835 /* Sources */ = {
			isa = PBXSourcesBuildPhase;
			buildActionMask = 2147483647;
			files = (
				82CF1B362C32FE470061A835 /* enigmafyTests.swift in Sources */,
			);
			runOnlyForDeploymentPostprocessing = 0;
		};
		82CF1B372C32FE470061A835 /* Sources */ = {
			isa = PBXSourcesBuildPhase;
			buildActionMask = 2147483647;
			files = (
				82CF1B422C32FE470061A835 /* enigmafyUITestsLaunchTests.swift in Sources */,
				82CF1B402C32FE470061A835 /* enigmafyUITests.swift in Sources */,
			);
			runOnlyForDeploymentPostprocessing = 0;
		};
/* End PBXSourcesBuildPhase section */

/* Begin PBXTargetDependency section */
		82CF1B332C32FE470061A835 /* PBXTargetDependency */ = {
			isa = PBXTargetDependency;
			target = 82CF1B202C32FE460061A835 /* enigmafy */;
			targetProxy = 82CF1B322C32FE470061A835 /* PBXContainerItemProxy */;
		};
		82CF1B3D2C32FE470061A835 /* PBXTargetDependency */ = {
			isa = PBXTargetDependency;
			target = 82CF1B202C32FE460061A835 /* enigmafy */;
			targetProxy = 82CF1B3C2C32FE470061A835 /* PBXContainerItemProxy */;
		};
/* End PBXTargetDependency section */

/* Begin XCBuildConfiguration section */
		82CF1B432C32FE470061A835 /* Debug */ = {
			isa = XCBuildConfiguration;
			buildSettings = {
				ALWAYS_SEARCH_USER_PATHS = NO;
				ASSETCATALOG_COMPILER_GENERATE_SWIFT_ASSET_SYMBOL_EXTENSIONS = YES;
				CLANG_ANALYZER_NONNULL = YES;
				CLANG_ANALYZER_NUMBER_OBJECT_CONVERSION = YES_AGGRESSIVE;
				CLANG_CXX_LANGUAGE_STANDARD = "gnu++20";
				CLANG_ENABLE_MODULES = YES;
				CLANG_ENABLE_OBJC_ARC = YES;
				CLANG_ENABLE_OBJC_WEAK = YES;
				CLANG_WARN_BLOCK_CAPTURE_AUTORELEASING = YES;
				CLANG_WARN_BOOL_CONVERSION = YES;
				CLANG_WARN_COMMA = YES;
				CLANG_WARN_CONSTANT_CONVERSION = YES;
				CLANG_WARN_DEPRECATED_OBJC_IMPLEMENTATIONS = YES;
				CLANG_WARN_DIRECT_OBJC_ISA_USAGE = YES_ERROR;
				CLANG_WARN_DOCUMENTATION_COMMENTS = YES;
				CLANG_WARN_EMPTY_BODY = YES;
				CLANG_WARN_ENUM_CONVERSION = YES;
				CLANG_WARN_INFINITE_RECURSION = YES;
				CLANG_WARN_INT_CONVERSION = YES;
				CLANG_WARN_NON_LITERAL_NULL_CONVERSION = YES;
				CLANG_WARN_OBJC_IMPLICIT_RETAIN_SELF = YES;
				CLANG_WARN_OBJC_LITERAL_CONVERSION = YES;
				CLANG_WARN_OBJC_ROOT_CLASS = YES_ERROR;
				CLANG_WARN_QUOTED_INCLUDE_IN_FRAMEWORK_HEADER = YES;
				CLANG_WARN_RANGE_LOOP_ANALYSIS = YES;
				CLANG_WARN_STRICT_PROTOTYPES = YES;
				CLANG_WARN_SUSPICIOUS_MOVE = YES;
				CLANG_WARN_UNGUARDED_AVAILABILITY = YES_AGGRESSIVE;
				CLANG_WARN_UNREACHABLE_CODE = YES;
				CLANG_WARN__DUPLICATE_METHOD_MATCH = YES;
				COPY_PHASE_STRIP = NO;
				DEBUG_INFORMATION_FORMAT = dwarf;
				ENABLE_STRICT_OBJC_MSGSEND = YES;
				ENABLE_TESTABILITY = YES;
				ENABLE_USER_SCRIPT_SANDBOXING = YES;
				GCC_C_LANGUAGE_STANDARD = gnu17;
				GCC_DYNAMIC_NO_PIC = NO;
				GCC_NO_COMMON_BLOCKS = YES;
				GCC_OPTIMIZATION_LEVEL = 0;
				GCC_PREPROCESSOR_DEFINITIONS = (
					"DEBUG=1",
					"$(inherited)",
				);
				GCC_WARN_64_TO_32_BIT_CONVERSION = YES;
				GCC_WARN_ABOUT_RETURN_TYPE = YES_ERROR;
				GCC_WARN_UNDECLARED_SELECTOR = YES;
				GCC_WARN_UNINITIALIZED_AUTOS = YES_AGGRESSIVE;
				GCC_WARN_UNUSED_FUNCTION = YES;
				GCC_WARN_UNUSED_VARIABLE = YES;
				IPHONEOS_DEPLOYMENT_TARGET = 17.4;
				LOCALIZATION_PREFERS_STRING_CATALOGS = YES;
				MTL_ENABLE_DEBUG_INFO = INCLUDE_SOURCE;
				MTL_FAST_MATH = YES;
				ONLY_ACTIVE_ARCH = YES;
				SDKROOT = iphoneos;
				SWIFT_ACTIVE_COMPILATION_CONDITIONS = "DEBUG $(inherited)";
				SWIFT_OPTIMIZATION_LEVEL = "-Onone";
			};
			name = Debug;
		};
		82CF1B442C32FE470061A835 /* Release */ = {
			isa = XCBuildConfiguration;
			buildSettings = {
				ALWAYS_SEARCH_USER_PATHS = NO;
				ASSETCATALOG_COMPILER_GENERATE_SWIFT_ASSET_SYMBOL_EXTENSIONS = YES;
				CLANG_ANALYZER_NONNULL = YES;
				CLANG_ANALYZER_NUMBER_OBJECT_CONVERSION = YES_AGGRESSIVE;
				CLANG_CXX_LANGUAGE_STANDARD = "gnu++20";
				CLANG_ENABLE_MODULES = YES;
				CLANG_ENABLE_OBJC_ARC = YES;
				CLANG_ENABLE_OBJC_WEAK = YES;
				CLANG_WARN_BLOCK_CAPTURE_AUTORELEASING = YES;
				CLANG_WARN_BOOL_CONVERSION = YES;
				CLANG_WARN_COMMA = YES;
				CLANG_WARN_CONSTANT_CONVERSION = YES;
				CLANG_WARN_DEPRECATED_OBJC_IMPLEMENTATIONS = YES;
				CLANG_WARN_DIRECT_OBJC_ISA_USAGE = YES_ERROR;
				CLANG_WARN_DOCUMENTATION_COMMENTS = YES;
				CLANG_WARN_EMPTY_BODY = YES;
				CLANG_WARN_ENUM_CONVERSION = YES;
				CLANG_WARN_INFINITE_RECURSION = YES;
				CLANG_WARN_INT_CONVERSION = YES;
				CLANG_WARN_NON_LITERAL_NULL_CONVERSION = YES;
				CLANG_WARN_OBJC_IMPLICIT_RETAIN_SELF = YES;
				CLANG_WARN_OBJC_LITERAL_CONVERSION = YES;
				CLANG_WARN_OBJC_ROOT_CLASS = YES_ERROR;
				CLANG_WARN_QUOTED_INCLUDE_IN_FRAMEWORK_HEADER = YES;
				CLANG_WARN_RANGE_LOOP_ANALYSIS = YES;
				CLANG_WARN_STRICT_PROTOTYPES = YES;
				CLANG_WARN_SUSPICIOUS_MOVE = YES;
				CLANG_WARN_UNGUARDED_AVAILABILITY = YES_AGGRESSIVE;
				CLANG_WARN_UNREACHABLE_CODE = YES;
				CLANG_WARN__DUPLICATE_METHOD_MATCH = YES;
				COPY_PHASE_STRIP = NO;
				DEBUG_INFORMATION_FORMAT = "dwarf-with-dsym";
				ENABLE_NS_ASSERTIONS = NO;
				ENABLE_STRICT_OBJC_MSGSEND = YES;
				ENABLE_USER_SCRIPT_SANDBOXING = YES;
				GCC_C_LANGUAGE_STANDARD = gnu17;
				GCC_NO_COMMON_BLOCKS = YES;
				GCC_WARN_64_TO_32_BIT_CONVERSION = YES;
				GCC_WARN_ABOUT_RETURN_TYPE = YES_ERROR;
				GCC_WARN_UNDECLARED_SELECTOR = YES;
				GCC_WARN_UNINITIALIZED_AUTOS = YES_AGGRESSIVE;
				GCC_WARN_UNUSED_FUNCTION = YES;
				GCC_WARN_UNUSED_VARIABLE = YES;
				IPHONEOS_DEPLOYMENT_TARGET = 17.4;
				LOCALIZATION_PREFERS_STRING_CATALOGS = YES;
				MTL_ENABLE_DEBUG_INFO = NO;
				MTL_FAST_MATH = YES;
				SDKROOT = iphoneos;
				SWIFT_COMPILATION_MODE = wholemodule;
				VALIDATE_PRODUCT = YES;
			};
			name = Release;
		};
		82CF1B462C32FE470061A835 /* Debug */ = {
			isa = XCBuildConfiguration;
			buildSettings = {
				ASSETCATALOG_COMPILER_APPICON_NAME = AppIcon;
				ASSETCATALOG_COMPILER_GLOBAL_ACCENT_COLOR_NAME = AccentColor;
				CODE_SIGN_STYLE = Automatic;
				CURRENT_PROJECT_VERSION = 1;
				DEVELOPMENT_ASSET_PATHS = "\"enigmafy/Preview Content\"";
				ENABLE_PREVIEWS = YES;
				GENERATE_INFOPLIST_FILE = YES;
				INFOPLIST_KEY_UIApplicationSceneManifest_Generation = YES;
				INFOPLIST_KEY_UIApplicationSupportsIndirectInputEvents = YES;
				INFOPLIST_KEY_UILaunchScreen_Generation = YES;
				INFOPLIST_KEY_UISupportedInterfaceOrientations_iPad = "UIInterfaceOrientationPortrait UIInterfaceOrientationPortraitUpsideDown UIInterfaceOrientationLandscapeLeft UIInterfaceOrientationLandscapeRight";
				INFOPLIST_KEY_UISupportedInterfaceOrientations_iPhone = "UIInterfaceOrientationPortrait UIInterfaceOrientationLandscapeLeft UIInterfaceOrientationLandscapeRight";
				LD_RUNPATH_SEARCH_PATHS = (
					"$(inherited)",
					"@executable_path/Frameworks",
				);
				MARKETING_VERSION = 1.0;
				PRODUCT_BUNDLE_IDENTIFIER = mohsenbakhit.enigmafy;
				PRODUCT_NAME = "$(TARGET_NAME)";
				SWIFT_EMIT_LOC_STRINGS = YES;
				SWIFT_VERSION = 5.0;
				TARGETED_DEVICE_FAMILY = "1,2";
			};
			name = Debug;
		};
		82CF1B472C32FE470061A835 /* Release */ = {
			isa = XCBuildConfiguration;
			buildSettings = {
				ASSETCATALOG_COMPILER_APPICON_NAME = AppIcon;
				ASSETCATALOG_COMPILER_GLOBAL_ACCENT_COLOR_NAME = AccentColor;
				CODE_SIGN_STYLE = Automatic;
				CURRENT_PROJECT_VERSION = 1;
				DEVELOPMENT_ASSET_PATHS = "\"enigmafy/Preview Content\"";
				ENABLE_PREVIEWS = YES;
				GENERATE_INFOPLIST_FILE = YES;
				INFOPLIST_KEY_UIApplicationSceneManifest_Generation = YES;
				INFOPLIST_KEY_UIApplicationSupportsIndirectInputEvents = YES;
				INFOPLIST_KEY_UILaunchScreen_Generation = YES;
				INFOPLIST_KEY_UISupportedInterfaceOrientations_iPad = "UIInterfaceOrientationPortrait UIInterfaceOrientationPortraitUpsideDown UIInterfaceOrientationLandscapeLeft UIInterfaceOrientationLandscapeRight";
				INFOPLIST_KEY_UISupportedInterfaceOrientations_iPhone = "UIInterfaceOrientationPortrait UIInterfaceOrientationLandscapeLeft UIInterfaceOrientationLandscapeRight";
				LD_RUNPATH_SEARCH_PATHS = (
					"$(inherited)",
					"@executable_path/Frameworks",
				);
				MARKETING_VERSION = 1.0;
				PRODUCT_BUNDLE_IDENTIFIER = mohsenbakhit.enigmafy;
				PRODUCT_NAME = "$(TARGET_NAME)";
				SWIFT_EMIT_LOC_STRINGS = YES;
				SWIFT_VERSION = 5.0;
				TARGETED_DEVICE_FAMILY = "1,2";
			};
			name = Release;
		};
		82CF1B492C32FE470061A835 /* Debug */ = {
			isa = XCBuildConfiguration;
			buildSettings = {
				ALWAYS_EMBED_SWIFT_STANDARD_LIBRARIES = YES;
				BUNDLE_LOADER = "$(TEST_HOST)";
				CODE_SIGN_STYLE = Automatic;
				CURRENT_PROJECT_VERSION = 1;
				GENERATE_INFOPLIST_FILE = YES;
				IPHONEOS_DEPLOYMENT_TARGET = 17.4;
				MARKETING_VERSION = 1.0;
				PRODUCT_BUNDLE_IDENTIFIER = mohsenbakhit.enigmafyTests;
				PRODUCT_NAME = "$(TARGET_NAME)";
				SWIFT_EMIT_LOC_STRINGS = NO;
				SWIFT_VERSION = 5.0;
				TARGETED_DEVICE_FAMILY = "1,2";
				TEST_HOST = "$(BUILT_PRODUCTS_DIR)/enigmafy.app/$(BUNDLE_EXECUTABLE_FOLDER_PATH)/enigmafy";
			};
			name = Debug;
		};
		82CF1B4A2C32FE470061A835 /* Release */ = {
			isa = XCBuildConfiguration;
			buildSettings = {
				ALWAYS_EMBED_SWIFT_STANDARD_LIBRARIES = YES;
				BUNDLE_LOADER = "$(TEST_HOST)";
				CODE_SIGN_STYLE = Automatic;
				CURRENT_PROJECT_VERSION = 1;
				GENERATE_INFOPLIST_FILE = YES;
				IPHONEOS_DEPLOYMENT_TARGET = 17.4;
				MARKETING_VERSION = 1.0;
				PRODUCT_BUNDLE_IDENTIFIER = mohsenbakhit.enigmafyTests;
				PRODUCT_NAME = "$(TARGET_NAME)";
				SWIFT_EMIT_LOC_STRINGS = NO;
				SWIFT_VERSION = 5.0;
				TARGETED_DEVICE_FAMILY = "1,2";
				TEST_HOST = "$(BUILT_PRODUCTS_DIR)/enigmafy.app/$(BUNDLE_EXECUTABLE_FOLDER_PATH)/enigmafy";
			};
			name = Release;
		};
		82CF1B4C2C32FE470061A835 /* Debug */ = {
			isa = XCBuildConfiguration;
			buildSettings = {
				ALWAYS_EMBED_SWIFT_STANDARD_LIBRARIES = YES;
				CODE_SIGN_STYLE = Automatic;
				CURRENT_PROJECT_VERSION = 1;
				GENERATE_INFOPLIST_FILE = YES;
				MARKETING_VERSION = 1.0;
				PRODUCT_BUNDLE_IDENTIFIER = mohsenbakhit.enigmafyUITests;
				PRODUCT_NAME = "$(TARGET_NAME)";
				SWIFT_EMIT_LOC_STRINGS = NO;
				SWIFT_VERSION = 5.0;
				TARGETED_DEVICE_FAMILY = "1,2";
				TEST_TARGET_NAME = enigmafy;
			};
			name = Debug;
		};
		82CF1B4D2C32FE470061A835 /* Release */ = {
			isa = XCBuildConfiguration;
			buildSettings = {
				ALWAYS_EMBED_SWIFT_STANDARD_LIBRARIES = YES;
				CODE_SIGN_STYLE = Automatic;
				CURRENT_PROJECT_VERSION = 1;
				GENERATE_INFOPLIST_FILE = YES;
				MARKETING_VERSION = 1.0;
				PRODUCT_BUNDLE_IDENTIFIER = mohsenbakhit.enigmafyUITests;
				PRODUCT_NAME = "$(TARGET_NAME)";
				SWIFT_EMIT_LOC_STRINGS = NO;
				SWIFT_VERSION = 5.0;
				TARGETED_DEVICE_FAMILY = "1,2";
				TEST_TARGET_NAME = enigmafy;
			};
			name = Release;
		};
/* End XCBuildConfiguration section */

/* Begin XCConfigurationList section */
		82CF1B1C2C32FE460061A835 /* Build configuration list for PBXProject "enigmafy" */ = {
			isa = XCConfigurationList;
			buildConfigurations = (
				82CF1B432C32FE470061A835 /* Debug */,
				82CF1B442C32FE470061A835 /* Release */,
			);
			defaultConfigurationIsVisible = 0;
			defaultConfigurationName = Release;
		};
		82CF1B452C32FE470061A835 /* Build configuration list for PBXNativeTarget "enigmafy" */ = {
			isa = XCConfigurationList;
			buildConfigurations = (
				82CF1B462C32FE470061A835 /* Debug */,
				82CF1B472C32FE470061A835 /* Release */,
			);
			defaultConfigurationIsVisible = 0;
			defaultConfigurationName = Release;
		};
		82CF1B482C32FE470061A835 /* Build configuration list for PBXNativeTarget "enigmafyTests" */ = {
			isa = XCConfigurationList;
			buildConfigurations = (
				82CF1B492C32FE470061A835 /* Debug */,
				82CF1B4A2C32FE470061A835 /* Release */,
			);
			defaultConfigurationIsVisible = 0;
			defaultConfigurationName = Release;
		};
		82CF1B4B2C32FE470061A835 /* Build configuration list for PBXNativeTarget "enigmafyUITests" */ = {
			isa = XCConfigurationList;
			buildConfigurations = (
				82CF1B4C2C32FE470061A835 /* Debug */,
				82CF1B4D2C32FE470061A835 /* Release */,
			);
			defaultConfigurationIsVisible = 0;
			defaultConfigurationName = Release;
		};
/* End XCConfigurationList section */
	};
	rootObject = 82CF1B192C32FE460061A835 /* Project object */;
}
